
Microsoft Visual Studio Solution File, Format Version 12.00
# Visual Studio Version 17
VisualStudioVersion = 17.14.36119.2 d17.14
MinimumVisualStudioVersion = 10.0.40219.1
Project("{FAE04EC0-301F-11D3-BF4B-00C04F79EFBC}") = "LetheApi", "LetheApi\LetheApi.csproj", "{68C72B1F-4787-49F4-9A75-0AB75D8361A0}"
EndProject
Global
	GlobalSection(SolutionConfigurationPlatforms) = preSolution
		Debug|Any CPU = Debug|Any CPU
		Release|Any CPU = Release|Any CPU
	EndGlobalSection
	GlobalSection(ProjectConfigurationPlatforms) = postSolution
		{68C72B1F-4787-49F4-9A75-0AB75D8361A0}.Debug|Any CPU.ActiveCfg = Debug|Any CPU
		{68C72B1F-4787-49F4-9A75-0AB75D8361A0}.Debug|Any CPU.Build.0 = Debug|Any CPU
		{68C72B1F-4787-49F4-9A75-0AB75D8361A0}.Release|Any CPU.ActiveCfg = Release|Any CPU
		{68C72B1F-4787-49F4-9A75-0AB75D8361A0}.Release|Any CPU.Build.0 = Release|Any CPU
	EndGlobalSection
	GlobalSection(SolutionProperties) = preSolution
		HideSolutionNode = FALSE
	EndGlobalSection
	GlobalSection(ExtensibilityGlobals) = postSolution
		SolutionGuid = {5FEF8B87-DF77-4068-9E90-0DB09733DB0E}
	EndGlobalSection
EndGlobal
